
Microsoft Visual Studio Solution File, Format Version 12.00
# Visual Studio Version 16
VisualStudioVersion = 16.0.30503.244
MinimumVisualStudioVersion = 10.0.40219.1
Project("{9A19103F-16F7-4668-BE54-9A1E7A4F7556}") = "CalcApp", "CalcApp.csproj", "{D2D737A6-5061-49AD-ACCB-35C196A183F0}"
EndProject
Project("{9A19103F-16F7-4668-BE54-9A1E7A4F7556}") = "calc", "..\PowSqrLib\calc.csproj", "{C61F722E-893F-4F06-A294-CB9AF8957891}"
EndProject
Global
	GlobalSection(SolutionConfigurationPlatforms) = preSolution
		Debug|Any CPU = Debug|Any CPU
		Release|Any CPU = Release|Any CPU
	EndGlobalSection
	GlobalSection(ProjectConfigurationPlatforms) = postSolution
		{D2D737A6-5061-49AD-ACCB-35C196A183F0}.Debug|Any CPU.ActiveCfg = Debug|Any CPU
		{D2D737A6-5061-49AD-ACCB-35C196A183F0}.Debug|Any CPU.Build.0 = Debug|Any CPU
		{D2D737A6-5061-49AD-ACCB-35C196A183F0}.Release|Any CPU.ActiveCfg = Release|Any CPU
		{D2D737A6-5061-49AD-ACCB-35C196A183F0}.Release|Any CPU.Build.0 = Release|Any CPU
		{C61F722E-893F-4F06-A294-CB9AF8957891}.Debug|Any CPU.ActiveCfg = Debug|Any CPU
		{C61F722E-893F-4F06-A294-CB9AF8957891}.Debug|Any CPU.Build.0 = Debug|Any CPU
		{C61F722E-893F-4F06-A294-CB9AF8957891}.Release|Any CPU.ActiveCfg = Release|Any CPU
		{C61F722E-893F-4F06-A294-CB9AF8957891}.Release|Any CPU.Build.0 = Release|Any CPU
	EndGlobalSection
	GlobalSection(SolutionProperties) = preSolution
		HideSolutionNode = FALSE
	EndGlobalSection
	GlobalSection(ExtensibilityGlobals) = postSolution
		SolutionGuid = {D1F03231-810B-4488-96EB-6862E3DE562D}
	EndGlobalSection
EndGlobal
